
Microsoft Visual Studio Solution File, Format Version 12.00
# Visual Studio Version 16
VisualStudioVersion = 16.0.30717.126
MinimumVisualStudioVersion = 10.0.40219.1
Project("{FAE04EC0-301F-11D3-BF4B-00C04F79EFBC}") = "ToolSupportUchida", "ToolSupportUchida\ToolSupportUchida.csproj", "{30793F4F-603E-44B8-AD76-D6B5F3BF621D}"
EndProject
Global
	GlobalSection(SolutionConfigurationPlatforms) = preSolution
		Debug|Any CPU = Debug|Any CPU
		Release|Any CPU = Release|Any CPU
	EndGlobalSection
	GlobalSection(ProjectConfigurationPlatforms) = postSolution
		{30793F4F-603E-44B8-AD76-D6B5F3BF621D}.Debug|Any CPU.ActiveCfg = Debug|Any CPU
		{30793F4F-603E-44B8-AD76-D6B5F3BF621D}.Debug|Any CPU.Build.0 = Debug|Any CPU
		{30793F4F-603E-44B8-AD76-D6B5F3BF621D}.Release|Any CPU.ActiveCfg = Release|Any CPU
		{30793F4F-603E-44B8-AD76-D6B5F3BF621D}.Release|Any CPU.Build.0 = Release|Any CPU
	EndGlobalSection
	GlobalSection(SolutionProperties) = preSolution
		HideSolutionNode = FALSE
	EndGlobalSection
	GlobalSection(ExtensibilityGlobals) = postSolution
		SolutionGuid = {972CFEC3-8854-4939-8E88-B2E8A0366FA6}
	EndGlobalSection
EndGlobal
